{
  "object": {
    "pins": [
      {
        "package": "ArgParse",
        "repositoryURL": "https://github.com/dmulholland/ArgParse.git",
        "state": {
          "branch": null,
          "revision": "bf716948e7f8429021e2672ae7abdf40e5b07970",
          "version": "0.4.0"
        }
      },
      {
        "package": "StrokeModel",
        "repositoryURL": "/Users/peschenfeldt-ita/Dropbox (Partners HealthCare)/Stroke/StrokeModel",
        "state": {
          "branch": null,
          "revision": "230c39288a152f176f42c9a235723d7d7abacef0",
          "version": "0.2.4"
        }
      }
    ]
  },
  "version": 1
}
