{
  "object": {
    "pins": [
      {
        "package": "ArgParse",
        "repositoryURL": "https://github.com/dmulholland/ArgParse.git",
        "state": {
          "branch": null,
          "revision": "bf716948e7f8429021e2672ae7abdf40e5b07970",
          "version": "0.4.0"
        }
      },
      {
        "package": "StrokeModel",
        "repositoryURL": "/Users/peschenfeldt-ita/Dropbox (Partners HealthCare)/Stroke/StrokeModel",
        "state": {
          "branch": null,
          "revision": "630fe23a5e730058225d153405c058d55e6f9cd9",
          "version": "0.3.1"
        }
      }
    ]
  },
  "version": 1
}
